PODS:
  - FlutterMacOS (1.0.0)
  - usbserial (0.0.1):
    - FlutterMacOS

DEPENDENCIES:
  - FlutterMacOS (from `Flutter/ephemeral`)
  - usbserial (from `Flutter/ephemeral/.symlinks/plugins/usbserial/macos`)

EXTERNAL SOURCES:
  FlutterMacOS:
    :path: Flutter/ephemeral
  usbserial:
    :path: Flutter/ephemeral/.symlinks/plugins/usbserial/macos

SPEC CHECKSUMS:
  FlutterMacOS: 8f6f14fa908a6fb3fba0cd85dbd81ec4b251fb24
  usbserial: 2a64e520e5fe2243419163b7ae78363db01e3011

PODFILE CHECKSUM: 0d3963a09fc94f580682bd88480486da345dc3f0

COCOAPODS: 1.11.3
